
Microsoft Visual Studio Solution File, Format Version 12.00
# Visual Studio Version 16
VisualStudioVersion = 16.0.32002.261
MinimumVisualStudioVersion = 10.0.40219.1
Project("{FAE04EC0-301F-11D3-BF4B-00C04F79EFBC}") = "InAndOut", "InAndOut\InAndOut.csproj", "{9BA10411-CAFA-4769-9464-070B104DB38A}"
EndProject
Global
	GlobalSection(SolutionConfigurationPlatforms) = preSolution
		Debug|Any CPU = Debug|Any CPU
		Release|Any CPU = Release|Any CPU
	EndGlobalSection
	GlobalSection(ProjectConfigurationPlatforms) = postSolution
		{9BA10411-CAFA-4769-9464-070B104DB38A}.Debug|Any CPU.ActiveCfg = Debug|Any CPU
		{9BA10411-CAFA-4769-9464-070B104DB38A}.Debug|Any CPU.Build.0 = Debug|Any CPU
		{9BA10411-CAFA-4769-9464-070B104DB38A}.Release|Any CPU.ActiveCfg = Release|Any CPU
		{9BA10411-CAFA-4769-9464-070B104DB38A}.Release|Any CPU.Build.0 = Release|Any CPU
	EndGlobalSection
	GlobalSection(SolutionProperties) = preSolution
		HideSolutionNode = FALSE
	EndGlobalSection
	GlobalSection(ExtensibilityGlobals) = postSolution
		SolutionGuid = {2BDBDD79-E993-4C7E-B28F-C3D44168B980}
	EndGlobalSection
EndGlobal
